# This file is automatically @generated by Cargo.
# It is not intended for manual editing.
version = 4

[[package]]
name = "allocator-api2"
version = "0.2.21"
source = "registry+https://github.com/rust-lang/crates.io-index"
checksum = "683d7910e743518b0e34f1186f92494becacb047c7b6bf616c96772180fef923"

[[package]]
name = "anyhow"
version = "1.0.102"
source = "registry+https://github.com/rust-lang/crates.io-index"
checksum = "7f202df86484c868dbad7eaa557ef785d5c66295e41b460ef922eca0723b842c"

[[package]]
name = "bit-set"
version = "0.8.0"
source = "registry+https://github.com/rust-lang/crates.io-index"
checksum = "08807e080ed7f9d5433fa9b275196cfc35414f66a0c79d864dc51a0d825231a3"
dependencies = [
 "bit-vec",
]

[[package]]
name = "bit-vec"
version = "0.8.0"
source = "registry+https://github.com/rust-lang/crates.io-index"
checksum = "5e764a1d40d510daf35e07be9eb06e75770908c27d411ee6c92109c9840eaaf7"

[[package]]
name = "bitflags"
version = "2.11.1"
source = "registry+https://github.com/rust-lang/crates.io-index"
checksum = "c4512299f36f043ab09a583e57bceb5a5aab7a73db1805848e8fef3c9e8c78b3"

[[package]]
name = "bumpalo"
version = "3.20.2"
source = "registry+https://github.com/rust-lang/crates.io-index"
checksum = "5d20789868f4b01b2f2caec9f5c4e0213b41e3e5702a50157d699ae31ced2fcb"
dependencies = [
 "allocator-api2",
]

[[package]]
name = "byteorder"
version = "1.5.0"
source = "registry+https://github.com/rust-lang/crates.io-index"
checksum = "1fd0f2584146f6f2ef48085050886acf353beff7305ebd1ae69500e27c67f64b"

[[package]]
name = "cc"
version = "1.2.62"
source = "registry+https://github.com/rust-lang/crates.io-index"
checksum = "a1dce859f0832a7d088c4f1119888ab94ef4b5d6795d1ce05afb7fe159d79f98"
dependencies = [
 "find-msvc-tools",
 "shlex",
]

[[package]]
name = "cfg-if"
version = "1.0.4"
source = "registry+https://github.com/rust-lang/crates.io-index"
checksum = "9330f8b2ff13f34540b44e946ef35111825727b38d33286ef986142615121801"

[[package]]
name = "cfood"
version = "0.1.0"
dependencies = [
 "anyhow",
 "dbt-antlr4",
 "inkwell",
]

[[package]]
name = "dbt-antlr4"
version = "1.3.6"
source = "registry+https://github.com/rust-lang/crates.io-index"
checksum = "e253f0e70f603b1a230e1b91bd789bd2cfa6ceb2f1ede5e78021233c7d52766f"
dependencies = [
 "bit-set",
 "bumpalo",
 "byteorder",
 "fxhash",
 "hashbrown",
 "uuid",
]

[[package]]
name = "equivalent"
version = "1.0.2"
source = "registry+https://github.com/rust-lang/crates.io-index"
checksum = "877a4ace8713b0bcf2a4e7eec82529c029f1d0619886d18145fea96c3ffe5c0f"

[[package]]
name = "find-msvc-tools"
version = "0.1.9"
source = "registry+https://github.com/rust-lang/crates.io-index"
checksum = "5baebc0774151f905a1a2cc41989300b1e6fbb29aff0ceffa1064fdd3088d582"

[[package]]
name = "foldhash"
version = "0.2.0"
source = "registry+https://github.com/rust-lang/crates.io-index"
checksum = "77ce24cb58228fbb8aa041425bb1050850ac19177686ea6e0f41a70416f56fdb"

[[package]]
name = "fxhash"
version = "0.2.1"
source = "registry+https://github.com/rust-lang/crates.io-index"
checksum = "c31b6d751ae2c7f11320402d34e41349dd1016f8d5d45e48c4312bc8625af50c"
dependencies = [
 "byteorder",
]

[[package]]
name = "hashbrown"
version = "0.16.1"
source = "registry+https://github.com/rust-lang/crates.io-index"
checksum = "841d1cc9bed7f9236f321df977030373f4a4163ae1a7dbfe1a51a2c1a51d9100"
dependencies = [
 "allocator-api2",
 "equivalent",
 "foldhash",
]

[[package]]
name = "inkwell"
version = "0.9.0"
source = "registry+https://github.com/rust-lang/crates.io-index"
checksum = "7decbc9dfa45a4a827a6ff7b822c113b1285678a937e84213417d4ca8a095782"
dependencies = [
 "bitflags",
 "inkwell_internals",
 "libc",
 "llvm-sys",
 "thiserror",
]

[[package]]
name = "inkwell_internals"
version = "0.14.0"
source = "registry+https://github.com/rust-lang/crates.io-index"
checksum = "6cfe97ee860815a90ed17e09639513269e39420a7440f3f4c996f238c514cf8d"
dependencies = [
 "proc-macro2",
 "quote",
 "syn",
]

[[package]]
name = "js-sys"
version = "0.3.91"
source = "registry+https://github.com/rust-lang/crates.io-index"
checksum = "b49715b7073f385ba4bc528e5747d02e66cb39c6146efb66b781f131f0fb399c"
dependencies = [
 "once_cell",
 "wasm-bindgen",
]

[[package]]
name = "lazy_static"
version = "1.5.0"
source = "registry+https://github.com/rust-lang/crates.io-index"
checksum = "bbd2bcb4c963f2ddae06a2efc7e9f3591312473c50c6685e1f298068316e66fe"

[[package]]
name = "libc"
version = "0.2.186"
source = "registry+https://github.com/rust-lang/crates.io-index"
checksum = "68ab91017fe16c622486840e4c83c9a37afeff978bd239b5293d61ece587de66"

[[package]]
name = "llvm-sys"
version = "181.3.0"
source = "registry+https://github.com/rust-lang/crates.io-index"
checksum = "e24aad69cbdb0c6ebe777262e9e6314dceba0d6e6a2a63e47563ccd293a2eda8"
dependencies = [
 "anyhow",
 "cc",
 "lazy_static",
 "libc",
 "regex-lite",
 "semver",
]

[[package]]
name = "once_cell"
version = "1.21.3"
source = "registry+https://github.com/rust-lang/crates.io-index"
checksum = "42f5e15c9953c5e4ccceeb2e7382a716482c34515315f7b03532b8b4e8393d2d"

[[package]]
name = "proc-macro2"
version = "1.0.106"
source = "registry+https://github.com/rust-lang/crates.io-index"
checksum = "8fd00f0bb2e90d81d1044c2b32617f68fcb9fa3bb7640c23e9c748e53fb30934"
dependencies = [
 "unicode-ident",
]

[[package]]
name = "quote"
version = "1.0.45"
source = "registry+https://github.com/rust-lang/crates.io-index"
checksum = "41f2619966050689382d2b44f664f4bc593e129785a36d6ee376ddf37259b924"
dependencies = [
 "proc-macro2",
]

[[package]]
name = "regex-lite"
version = "0.1.9"
source = "registry+https://github.com/rust-lang/crates.io-index"
checksum = "cab834c73d247e67f4fae452806d17d3c7501756d98c8808d7c9c7aa7d18f973"

[[package]]
name = "rustversion"
version = "1.0.22"
source = "registry+https://github.com/rust-lang/crates.io-index"
checksum = "b39cdef0fa800fc44525c84ccb54a029961a8215f9619753635a9c0d2538d46d"

[[package]]
name = "semver"
version = "1.0.28"
source = "registry+https://github.com/rust-lang/crates.io-index"
checksum = "8a7852d02fc848982e0c167ef163aaff9cd91dc640ba85e263cb1ce46fae51cd"

[[package]]
name = "shlex"
version = "1.3.0"
source = "registry+https://github.com/rust-lang/crates.io-index"
checksum = "0fda2ff0d084019ba4d7c6f371c95d8fd75ce3524c3cb8fb653a3023f6323e64"

[[package]]
name = "syn"
version = "2.0.117"
source = "registry+https://github.com/rust-lang/crates.io-index"
checksum = "e665b8803e7b1d2a727f4023456bbbbe74da67099c585258af0ad9c5013b9b99"
dependencies = [
 "proc-macro2",
 "quote",
 "unicode-ident",
]

[[package]]
name = "thiserror"
version = "2.0.18"
source = "registry+https://github.com/rust-lang/crates.io-index"
checksum = "4288b5bcbc7920c07a1149a35cf9590a2aa808e0bc1eafaade0b80947865fbc4"
dependencies = [
 "thiserror-impl",
]

[[package]]
name = "thiserror-impl"
version = "2.0.18"
source = "registry+https://github.com/rust-lang/crates.io-index"
checksum = "ebc4ee7f67670e9b64d05fa4253e753e016c6c95ff35b89b7941d6b856dec1d5"
dependencies = [
 "proc-macro2",
 "quote",
 "syn",
]

[[package]]
name = "unicode-ident"
version = "1.0.24"
source = "registry+https://github.com/rust-lang/crates.io-index"
checksum = "e6e4313cd5fcd3dad5cafa179702e2b244f760991f45397d14d4ebf38247da75"

[[package]]
name = "uuid"
version = "1.22.0"
source = "registry+https://github.com/rust-lang/crates.io-index"
checksum = "a68d3c8f01c0cfa54a75291d83601161799e4a89a39e0929f4b0354d88757a37"
dependencies = [
 "js-sys",
 "wasm-bindgen",
]

[[package]]
name = "wasm-bindgen"
version = "0.2.114"
source = "registry+https://github.com/rust-lang/crates.io-index"
checksum = "6532f9a5c1ece3798cb1c2cfdba640b9b3ba884f5db45973a6f442510a87d38e"
dependencies = [
 "cfg-if",
 "once_cell",
 "rustversion",
 "wasm-bindgen-macro",
 "wasm-bindgen-shared",
]

[[package]]
name = "wasm-bindgen-macro"
version = "0.2.114"
source = "registry+https://github.com/rust-lang/crates.io-index"
checksum = "18a2d50fcf105fb33bb15f00e7a77b772945a2ee45dcf454961fd843e74c18e6"
dependencies = [
 "quote",
 "wasm-bindgen-macro-support",
]

[[package]]
name = "wasm-bindgen-macro-support"
version = "0.2.114"
source = "registry+https://github.com/rust-lang/crates.io-index"
checksum = "03ce4caeaac547cdf713d280eda22a730824dd11e6b8c3ca9e42247b25c631e3"
dependencies = [
 "bumpalo",
 "proc-macro2",
 "quote",
 "syn",
 "wasm-bindgen-shared",
]

[[package]]
name = "wasm-bindgen-shared"
version = "0.2.114"
source = "registry+https://github.com/rust-lang/crates.io-index"
checksum = "75a326b8c223ee17883a4251907455a2431acc2791c98c26279376490c378c16"
dependencies = [
 "unicode-ident",
]
